
Microsoft Visual Studio Solution File, Format Version 12.00
# Visual Studio 15
VisualStudioVersion = 15.0.27703.2018
MinimumVisualStudioVersion = 10.0.40219.1
Project("{FAE04EC0-301F-11D3-BF4B-00C04F79EFBC}") = "BOL", "BOL\BOL.csproj", "{BCCFB8B6-5748-41EF-97FA-2F723D32E6A6}"
EndProject
Project("{FAE04EC0-301F-11D3-BF4B-00C04F79EFBC}") = "DAL", "DAL\DAL.csproj", "{028FED79-4695-4856-9CF5-42A2F71E6E13}"
EndProject
Global
	GlobalSection(SolutionConfigurationPlatforms) = preSolution
		Debug|Any CPU = Debug|Any CPU
		Release|Any CPU = Release|Any CPU
	EndGlobalSection
	GlobalSection(ProjectConfigurationPlatforms) = postSolution
		{BCCFB8B6-5748-41EF-97FA-2F723D32E6A6}.Debug|Any CPU.ActiveCfg = Debug|Any CPU
		{BCCFB8B6-5748-41EF-97FA-2F723D32E6A6}.Debug|Any CPU.Build.0 = Debug|Any CPU
		{BCCFB8B6-5748-41EF-97FA-2F723D32E6A6}.Release|Any CPU.ActiveCfg = Release|Any CPU
		{BCCFB8B6-5748-41EF-97FA-2F723D32E6A6}.Release|Any CPU.Build.0 = Release|Any CPU
		{028FED79-4695-4856-9CF5-42A2F71E6E13}.Debug|Any CPU.ActiveCfg = Debug|Any CPU
		{028FED79-4695-4856-9CF5-42A2F71E6E13}.Debug|Any CPU.Build.0 = Debug|Any CPU
		{028FED79-4695-4856-9CF5-42A2F71E6E13}.Release|Any CPU.ActiveCfg = Release|Any CPU
		{028FED79-4695-4856-9CF5-42A2F71E6E13}.Release|Any CPU.Build.0 = Release|Any CPU
	EndGlobalSection
	GlobalSection(SolutionProperties) = preSolution
		HideSolutionNode = FALSE
	EndGlobalSection
	GlobalSection(ExtensibilityGlobals) = postSolution
		SolutionGuid = {F9C5B34F-5EE2-436B-8DDE-98694A1777B5}
	EndGlobalSection
EndGlobal
